[prebuilts]
xz = "6a281f5955448c512ff1f17d70d49a8516e24125fd463610bfa4c2876cda9888"
glibc = "e20861cccabd0e968de4efa85818a827ffa27325c6ba35c6a2e0b5770dde137c"
attr = "751f59743eebe918401f5ec5af3724ec363fb988f1e7414985cb026aadebc047"
coreutils = "a3e272b4bfb64fe15e3899f04a955672597188308d2142ccb2a84959b14b2a4f"
findutils = "c4ba20a9a5ec9dc0126460c0730ac3802e6af465e098ef8aacc4140fe12bc97d"
gmp = "e413cfb1ef684c57b628aba8578817c4cf2095cb93f8893487bc85f0aec32b73"
m4 = "125f57339027a72d9affdab8b625c0f3dd9dc537db25dd2c16adf808746f101c"
mpc = "131d92c2cc86f6903be927b86938093cb69d56999737ca8fdbdd9e72000ce496"
bison = "97d4a89bc9fd9a46c2a3853dc65dc193815eb5df2b3dedf9503b24f1d3d263ef"
tar = "cb9442e4edfb221fa7c5378343afdf548e5c6850892e979abaa4226b191c4007"
file = "c74af74d4055ed283f65a2a973b94b2c5d15e0982adeae54be43471929bc9d4b"
perl = "76b4c9986172369d7f42baf34607f660671a58a24d0ef58a47c5141b07c1c15c"
bash = "f8998ac6e95d945e3c298f1b50659b3ce509e21a286981fbd787a16f52d5903b"
libcap = "a35d06af4a29936ec1a15318c82e0c8cf44b823cd05d40c56d722f922675e78e"
readline = "696246d201d6009b09971da89bf69b1d07309ee33cab28429c9eb75d797415a8"
acl = "92736b6469497f261f459fbf88d6ba1223c1e78ae4354af35f5eda8cb5169d33"
python = "2c7d76fc3db6a5cfed0d4cfb6a4f3f1ed2648c8bdedc8f18a32b919c658d0ca6"
binutils = "5727ebec8c5a52cbc66f16760f4c6a69bda0f8d84c81807e853f9908fa5a38fa"
bzip2 = "a4580693e7efbee5235c1299b42e2e338d5e2fae331355bbdeaa880d5604855d"
gcc = "454f74d5ab2863878ae5cfb02713c695bef9d96a102c54efeadbd431e6727404"
gawk = "f14956d7b8c8a9004b0cbb06bf8cf6f82556e779e4940b405985a01cf4f88499"
zstd = "3447af6198a1a55501e13a500b38d9bf3074f25d35222438dbda0ce9242b998e"
sed = "176b11c2e27ec4c7fe4f4f27448a9ea0fa759853c4ed164c15704b253b2361dd"
make = "e5ff23c0955387da668e0f7d8e1561d40b8bb2a3495a060a6233c88f71929d2a"
linux_headers = "0f3df76d51829fc41ea0b438a3de92e732af1d987f21eb4ae820041db8354235"
pcre2 = "64dac4475445cc738c71d76aadb21e652f66a3a9b3a342f987d7efddca53b106"
ncurses = "5c3d960189442d99d5d01a941681a4ec929b162270d8612b8700e48d99b08e59"
zlib = "51d340a674aa8112e5beee7c18adefc1dd91615888a5d1f0aed0201c79574d9f"
gzip = "11b6b2f8ae80f3d6b84d0a6d9d76409330a6e26fea270c83a5de6cd1507e2815"
diffutils = "69a6a7fe3214d4f66302a0de247d10c8c1ebd695b22e5a05553ec89dd96e3c0e"
grep = "53d2d22f09ce5fd6120ebc4dc46e8aa65033a795c52688916ba28fb478dc50eb"
mpfr = "66df9a521e3dc21a244c1f443415452dba689d7f8ceddeaf2e3be93bcf9428fb"
