[prebuilts]
bison = "996b88f4060dba457a78432954cd8e1d661df0fd585539deba3bfbdc11fbe780"
mpc = "d2bcc97fb4294babc3f6f3ba2aaf620dacce610dcb8e53afb23c25c31913d3c4"
make = "dc974dbda101082d0b2c590f6ba171aaad09b20ce6f60a0d436f854a12e6d9f3"
perl = "646b3df0ef22c90ed7d7655b7ccb59acf4c8ebfaa99f3b3653bfa7104bcc3124"
gzip = "9a734d4861c0607e948c798cd5f0e84fd3f268bf6d4d403bb3705a2b1930d58e"
findutils = "24673e3b02307db54f6ba8439b95599fb620abc7b563287ad8f650f9dd6f79b3"
readline = "344afca00b3348f36cca7484a430ea8e6ff6c046e189a76962590c7c14b54a9f"
file = "e150497253007b3cd74d5b2e8b207ec3abfdc5261abb083e32435657849ed55c"
attr = "dc5698c514769d106cebd238d1deffe9862624837f3f02700662fa58a13960e6"
linux_headers = "0f3df76d51829fc41ea0b438a3de92e732af1d987f21eb4ae820041db8354235"
gawk = "a81217b50f09d7b562709344205f87ed1dea855bcaaf427713c6afd8e8e33a83"
sed = "fda118dbea953391ade91d1e30eea88049d754981c5a2b32826aceff798b3364"
pcre2 = "243489833525eae22ac28c58ff6adf4c67555a18ea7805d4b68695073cab7db1"
grep = "1e8146f6abf579b0dd211a294fae5c5f1d2b6f6170652fc7f78fab062d6cdc66"
ncurses = "071b6b0a4e5490efc725bd8eb0a138a688b23842322d654bbb9a992d9e9aca63"
binutils = "98567f7687f2bfeb1fd76d202bc17f2951d2c5042dc708d2ecf63524ba52e680"
diffutils = "d66ea3fba1f9b1df70b8aaa7c5d5699fba283575b8e6a88dda46bbf53ca29967"
gmp = "e4a012d04e1ba25a46d274d49e9c34ba248692e3923627e0a017f2ea4772944c"
bash = "df2b23c1c53de6fb5dae78d7962ff0ca4e94a4cbcaec825a0ac7cabbc43fd539"
m4 = "a56307a8e39c8a6be35d40edfb0136df3b4de8aee5eb1281d3584065f34c0a64"
coreutils = "5cee2f37de1c72179e4991f9517aff7c77d7224957af9ad1085fce2b3085ad5d"
tar = "3f323b2f59dacef4a90bac1d0a2f336c8f43ecde55b3efe60f371ddea9c4da3d"
python = "c06f731afbf5e4f08fde04ecc97f2120e1353d55fa1cd9bd6139ea502d861dec"
zlib = "3c2666ebba2f2dd3179718659646c9c55433eb0d623e7c875cb011abb9aa808b"
libcap = "fa1c9451f39386c3b5315b75b016b1934142c9d175b7e9ff409014e2562bee8d"
mpfr = "e6636f3ba18dc259a83a45244f6eeb92605de40b8175d23e4484de3ff2ae3ca3"
gcc = "84e91997607fad0cca4e1b9aaf26ba225b372a6df2907f9e6b3679d2a9d70660"
xz = "0ed6ac9af63bbb1a99d5656ef81f26996fb6e1047dcf2ff3ec9c2ed1d527fcdd"
zstd = "b22287c1ea8027ee8e1f580668b2bb75ce713d8a2bd24158074084101e0ca6e1"
acl = "e5930a80ca90daec79539c1d26d16ee2b0b3cd2d0e39d5e7663b3374776b43d1"
glibc = "0eaf0b144f18f4c387bb601c05666033dbee62822fc9c090e03f41a6699ba4bb"
