[prebuilts]
bash = "bb9f0761401a4a1ce128e57f9853c3333dfecf3f516ec7b2b7bb2c20ac2262a9"
glibc = "9ee59cb208c7e9f50bc45a5709a2d9d1aafd3badb6a91c5ad6cae6f2f2c9bae6"
zlib = "451c3f1442ae174b14e663f79107b02f2f96e9a2aa83df4e8523ab448ad3b3fb"
mpfr = "6b15cb39d20697cc95bf908ce94570c22f86d4f83ebadf9fd8d0aa5999b64b72"
pcre2 = "89587a0fb8683e6d223668b5cb60ac418ad05a96d8d51bbcef9f5e64cc007f64"
make = "fe389f7279e2fc7d3a47c7bac7b41fd30dba3435ba8066c96014a8c788e702c1"
m4 = "40d610d54e934edeb34e8e10a9da8fc91149fd348b18ee75ae0cd1fde259c0f6"
gzip = "e1207c00a170100e204bc73e47c817f5768f08bca03faa2984103ea0ee5a9b14"
openssl = "7994968d3054fa0e411dd2bb8a694c2739ca24ac4a642fa2e07628bbc0eab327"
tar = "0c66aa635f7d5420a3ca54b6790ca130ecb8f4bc6efbde026fcc3aa4205dbd77"
sed = "75a3f6932015f87ec397b7ac090ca01c4c12a65786eb8d3cd69a253a12fb870f"
findutils = "93ac9ac0bd25e23b27b3239aa8ff0ab36f95f2eaf7576c285f94959ea3bd67ec"
python = "204ad93efbcd8952343c4ca634a574b01c1d9081ec1000801cc28c621a2e7a1b"
bison = "460c84eebe6610a6f11d668939b980ad24abcc339a40939e1111c09c22fb2259"
linux_headers = "0f3df76d51829fc41ea0b438a3de92e732af1d987f21eb4ae820041db8354235"
llvm = "2b3706ee4991a145461afa065bcee5a953b6a768054e9438647e29cc1a140bf6"
xz = "f19fdc042264da1414f0045b393f3fe0dc534c75ab4ae6758857e5844d0fcb39"
readline = "e0fe725f4ee60bca8954a398f6291e783de476989505e371436598abca4e089f"
gcc = "3051ee9f15a15dcf27209ba43778f1957b993f301df6d66dbcb63f9cea498ecd"
sqlite = "11b3c530560aa6c809620b8efdba8c22ba16f27b0304ab65ad1894c39eb1ebbf"
mpc = "0fae915554e7063e52cc5869c195d62c541c9dedb95f2ef37dc225078d5ff6c3"
grep = "d15a28045812a4e84cffbaf39b7f16a8d6541c8f5587eeadeaaa01a2e68847a4"
zstd = "cf4c83afd0b7374e0609792e5865ac42dc4bd46bb3e416db7a77ffbea12cea33"
perl = "33a5a4b791df52662222071b696e06d966b83a79505ca7fda8785afdb0e86c47"
gdbm = "628df52e2b4d308d75d0372cbe064c6d3391dbfd28ca1b1567ed3ae0a5c9ea16"
binutils = "2ca350a204a77f5c68cf78b88a7e8f27a67abc4a8ba07eb26cf37bf2d7958573"
coreutils = "e644aa4fa8f8d07eab2753a5ac275075d6f875b084b24e01c27a3ac2b07c1902"
bzip2 = "4f8aa0c4ea740fb534a742ab847b8d0d8218c279fc16088c23d6f92a35b495b9"
attr = "b832acacd1cdbb95148c77af0338b9084ea2969c27a3fec7014e7f39fb4a7715"
diffutils = "c0cfcd61d7b17c879124963829ffea60b1f4c227970568e6afdf119be7976a76"
file = "4836956084bacd311c21a22296d1663840ff5a1e301c40913a43c6d729b26803"
ncurses = "418fffa0d18bc1b5eabefc7eee09bf15c53c7843c171ec9c307e88886a3f41e0"
libcap = "ecec1b88ac9ae87ac53baddcf0b43a0145af36c91d059e78010b1cccc3d02837"
libstdcxx = "02fef8f39eb35ce87241b272e095d97a27f020d0718943e01a22d4b7f8ff5766"
gawk = "263c8a83c825b2aa22445ce536fee75954190ba4c0820b95c7eebd128da79c14"
acl = "1f88e6655ff8e15944cef9b469ae6570350d6c17ffcf14bcc036aff25d9c212f"
gmp = "2cd3689a3d6b6b6207b63db8ed581fb6dabc2ccd20780d870305c7e452ee1509"
